PODS:
  - Realm (10.37.2):
    - Realm/Headers (= 10.37.2)
  - Realm/Headers (10.37.2)
  - RealmSwift (10.37.2):
    - Realm (= 10.37.2)
  - SwiftFormat/CLI (0.51.3)
  - SwiftGen (6.6.2)
  - SwiftLint (0.51.0)

DEPENDENCIES:
  - RealmSwift
  - SwiftFormat/CLI (~> 0.49)
  - SwiftGen
  - SwiftLint

SPEC REPOS:
  trunk:
    - Realm
    - RealmSwift
    - SwiftFormat
    - SwiftGen
    - SwiftLint

SPEC CHECKSUMS:
  Realm: 09e17879e909fafc5336864bff22272de9bd11bf
  RealmSwift: adaf8f6fd925b41447089fcfab71b9b7cdc3982d
  SwiftFormat: 5267f6bed90485029b7ebe65a6c48db72e7423ef
  SwiftGen: 1366a7f71aeef49954ca5a63ba4bef6b0f24138c
  SwiftLint: 1b7561918a19e23bfed960e40759086e70f4dba5

PODFILE CHECKSUM: 01f21567a2e3a36016f39400cf55c7b8284ad80e

COCOAPODS: 1.12.0
